
Microsoft Visual Studio Solution File, Format Version 12.00
# Visual Studio 2013
VisualStudioVersion = 12.0.30110.0
MinimumVisualStudioVersion = 10.0.40219.1
Project("{FAE04EC0-301F-11D3-BF4B-00C04F79EFBC}") = "Tp3_Math", "Tp3_Math.csproj", "{EB15694C-6C1F-4C9D-9887-44F933EC75DF}"
EndProject
Global
	GlobalSection(SolutionConfigurationPlatforms) = preSolution
		Debug|Any CPU = Debug|Any CPU
		Release|Any CPU = Release|Any CPU
	EndGlobalSection
	GlobalSection(ProjectConfigurationPlatforms) = postSolution
		{EB15694C-6C1F-4C9D-9887-44F933EC75DF}.Debug|Any CPU.ActiveCfg = Debug|Any CPU
		{EB15694C-6C1F-4C9D-9887-44F933EC75DF}.Debug|Any CPU.Build.0 = Debug|Any CPU
		{EB15694C-6C1F-4C9D-9887-44F933EC75DF}.Release|Any CPU.ActiveCfg = Release|Any CPU
		{EB15694C-6C1F-4C9D-9887-44F933EC75DF}.Release|Any CPU.Build.0 = Release|Any CPU
	EndGlobalSection
	GlobalSection(SolutionProperties) = preSolution
		HideSolutionNode = FALSE
	EndGlobalSection
EndGlobal
